// !$*UTF8*$!
{
	archiveVersion = 1;
	classes = {
	};
	objectVersion = 56;
	objects = {

/* Begin PBXBuildFile section */
		100000000000000000000101 /* PaladalaApp.swift in Sources */ = {isa = PBXBuildFile; fileRef = 100000000000000000000201 /* PaladalaApp.swift */; };
		100000000000000000000102 /* AppRouter.swift in Sources */ = {isa = PBXBuildFile; fileRef = 100000000000000000000202 /* AppRouter.swift */; };
		100000000000000000000103 /* Models.swift in Sources */ = {isa = PBXBuildFile; fileRef = 100000000000000000000203 /* Models.swift */; };
		100000000000000000000104 /* PaladalaTheme.swift in Sources */ = {isa = PBXBuildFile; fileRef = 100000000000000000000204 /* PaladalaTheme.swift */; };
		100000000000000000000105 /* BilibiliAPIClient.swift in Sources */ = {isa = PBXBuildFile; fileRef = 100000000000000000000205 /* BilibiliAPIClient.swift */; };
		100000000000000000000106 /* PaladalaRepository.swift in Sources */ = {isa = PBXBuildFile; fileRef = 100000000000000000000206 /* PaladalaRepository.swift */; };
		100000000000000000000107 /* ViewModels.swift in Sources */ = {isa = PBXBuildFile; fileRef = 100000000000000000000207 /* ViewModels.swift */; };
		100000000000000000000108 /* RootView.swift in Sources */ = {isa = PBXBuildFile; fileRef = 100000000000000000000208 /* RootView.swift */; };
		100000000000000000000109 /* HomeView.swift in Sources */ = {isa = PBXBuildFile; fileRef = 100000000000000000000209 /* HomeView.swift */; };
		10000000000000000000010A /* VideoDetailView.swift in Sources */ = {isa = PBXBuildFile; fileRef = 10000000000000000000020A /* VideoDetailView.swift */; };
		10000000000000000000010B /* DynamicFeedView.swift in Sources */ = {isa = PBXBuildFile; fileRef = 10000000000000000000020B /* DynamicFeedView.swift */; };
		10000000000000000000010C /* LiveRoomsView.swift in Sources */ = {isa = PBXBuildFile; fileRef = 10000000000000000000020C /* LiveRoomsView.swift */; };
		10000000000000000000010D /* ProfileSettingsView.swift in Sources */ = {isa = PBXBuildFile; fileRef = 10000000000000000000020D /* ProfileSettingsView.swift */; };
		10000000000000000000010E /* SharedViews.swift in Sources */ = {isa = PBXBuildFile; fileRef = 10000000000000000000020E /* SharedViews.swift */; };
		10000000000000000000010F /* PaladalaAppIntents.swift in Sources */ = {isa = PBXBuildFile; fileRef = 10000000000000000000020F /* PaladalaAppIntents.swift */; };
		100000000000000000000110 /* PlayerView.swift in Sources */ = {isa = PBXBuildFile; fileRef = 100000000000000000000211 /* PlayerView.swift */; };
		100000000000000000000111 /* Assets.xcassets in Resources */ = {isa = PBXBuildFile; fileRef = 100000000000000000000212 /* Assets.xcassets */; };
		600000000000000000000A04 /* GoogleService-Info.plist in Resources */ = {isa = PBXBuildFile; fileRef = 600000000000000000000A03 /* GoogleService-Info.plist */; };
		100000000000000000000112 /* DesignModifier.swift in Sources */ = {isa = PBXBuildFile; fileRef = 100000000000000000000213 /* DesignModifier.swift */; };
		100000000000000000000113 /* BundledFeedService.swift in Sources */ = {isa = PBXBuildFile; fileRef = 100000000000000000000214 /* BundledFeedService.swift */; };
		100000000000000000000114 /* StoredAccount.swift in Sources */ = {isa = PBXBuildFile; fileRef = 100000000000000000000215 /* StoredAccount.swift */; };
		100000000000000000000115 /* KeychainStore.swift in Sources */ = {isa = PBXBuildFile; fileRef = 100000000000000000000216 /* KeychainStore.swift */; };
		100000000000000000000116 /* AccountSessionStore.swift in Sources */ = {isa = PBXBuildFile; fileRef = 100000000000000000000217 /* AccountSessionStore.swift */; };
		100000000000000000000117 /* AuthStore.swift in Sources */ = {isa = PBXBuildFile; fileRef = 100000000000000000000218 /* AuthStore.swift */; };
		100000000000000000000118 /* BilibiliAuthAPI.swift in Sources */ = {isa = PBXBuildFile; fileRef = 100000000000000000000219 /* BilibiliAuthAPI.swift */; };
		100000000000000000000119 /* LoginViewModel.swift in Sources */ = {isa = PBXBuildFile; fileRef = 10000000000000000000021A /* LoginViewModel.swift */; };
		10000000000000000000011A /* LoginSheet.swift in Sources */ = {isa = PBXBuildFile; fileRef = 10000000000000000000021B /* LoginSheet.swift */; };
		10000000000000000000011B /* AccountContentViews.swift in Sources */ = {isa = PBXBuildFile; fileRef = 10000000000000000000021C /* AccountContentViews.swift */; };
		10000000000000000000011C /* ReplyListView.swift in Sources */ = {isa = PBXBuildFile; fileRef = 10000000000000000000021D /* ReplyListView.swift */; };
		10000000000000000000011E /* DiagnosticLogger.swift in Sources */ = {isa = PBXBuildFile; fileRef = 100000000000000000000220 /* DiagnosticLogger.swift */; };
		10000000000000000000011F /* LogViewerView.swift in Sources */ = {isa = PBXBuildFile; fileRef = 100000000000000000000221 /* LogViewerView.swift */; };
		100000000000000000000120 /* DeviceInfo.swift in Sources */ = {isa = PBXBuildFile; fileRef = 100000000000000000000222 /* DeviceInfo.swift */; };
		100000000000000000000121 /* Haptics.swift in Sources */ = {isa = PBXBuildFile; fileRef = 100000000000000000000223 /* Haptics.swift */; };
		100000000000000000000122 /* OnboardingView.swift in Sources */ = {isa = PBXBuildFile; fileRef = 100000000000000000000224 /* OnboardingView.swift */; };
		100000000000000000000123 /* NetworkMonitor.swift in Sources */ = {isa = PBXBuildFile; fileRef = 100000000000000000000225 /* NetworkMonitor.swift */; };
		100000000000000000000124 /* MiniPlayerStore.swift in Sources */ = {isa = PBXBuildFile; fileRef = 100000000000000000000226 /* MiniPlayerStore.swift */; };
		100000000000000000000125 /* MiniPlayerOverlay.swift in Sources */ = {isa = PBXBuildFile; fileRef = 100000000000000000000227 /* MiniPlayerOverlay.swift */; };
		100000000000000000000126 /* BackGestureEnabler.swift in Sources */ = {isa = PBXBuildFile; fileRef = 100000000000000000000228 /* BackGestureEnabler.swift */; };
		10000000000000000000012A /* Localizable.swift in Sources */ = {isa = PBXBuildFile; fileRef = 10000000000000000000022A /* Localizable.swift */; };
		10000000000000000000012B /* MusicService.swift in Sources */ = {isa = PBXBuildFile; fileRef = 10000000000000000000022B /* MusicService.swift */; };
		10000000000000000000012C /* MusicHomeView.swift in Sources */ = {isa = PBXBuildFile; fileRef = 10000000000000000000022C /* MusicHomeView.swift */; };
		200000000000000000000301 /* AVPlayerController.swift in Sources */ = {isa = PBXBuildFile; fileRef = 200000000000000000000401 /* AVPlayerController.swift */; };
		300000000000000000000602 /* LocalHLSProxyServer.swift in Sources */ = {isa = PBXBuildFile; fileRef = 300000000000000000000502 /* LocalHLSProxyServer.swift */; };
		300000000000000000000603 /* WatchSession.swift in Sources */ = {isa = PBXBuildFile; fileRef = 300000000000000000000503 /* WatchSession.swift */; };
		100000000000000000000468 /* ICloudSync.swift in Sources */ = {isa = PBXBuildFile; fileRef = 100000000000000000000467 /* ICloudSync.swift */; };
		10000000000000000000046A /* LiveActivityCoordinator.swift in Sources */ = {isa = PBXBuildFile; fileRef = 100000000000000000000469 /* LiveActivityCoordinator.swift */; };
		100000000000000000000465 /* LiveRoomActivityAttributes.swift in Sources */ = {isa = PBXBuildFile; fileRef = 100000000000000000000464 /* LiveRoomActivityAttributes.swift */; };
		100000000000000000000472 /* PaladalaWidgetBundle.swift in Sources */ = {isa = PBXBuildFile; fileRef = 100000000000000000000471 /* PaladalaWidgetBundle.swift */; };
		100000000000000000000474 /* LiveActivityWidget.swift in Sources */ = {isa = PBXBuildFile; fileRef = 100000000000000000000473 /* LiveActivityWidget.swift */; };
		100000000000000000000475 /* LiveRoomActivityAttributes.swift in Sources */ = {isa = PBXBuildFile; fileRef = 100000000000000000000464 /* LiveRoomActivityAttributes.swift */; };
		10000000000000000000047A /* PaladalaWidget.appex in Embed PlugIns */ = {isa = PBXBuildFile; fileRef = 100000000000000000000479 /* PaladalaWidget.appex */; settings = {ATTRIBUTES = (RemoveHeadersOnCopy, ); }; };
		500000000000000000000551 /* DownloadManager.swift in Sources */ = {isa = PBXBuildFile; fileRef = 500000000000000000000550 /* DownloadManager.swift */; };
		500000000000000000000553 /* DownloadStore.swift in Sources */ = {isa = PBXBuildFile; fileRef = 500000000000000000000552 /* DownloadStore.swift */; };
		500000000000000000000555 /* PaladalaAppDelegate.swift in Sources */ = {isa = PBXBuildFile; fileRef = 500000000000000000000554 /* PaladalaAppDelegate.swift */; };
		500000000000000000000557 /* DownloadedVideosView.swift in Sources */ = {isa = PBXBuildFile; fileRef = 500000000000000000000556 /* DownloadedVideosView.swift */; };
		500000000000000000000558 /* DeepDiagnosticReportView.swift in Sources */ = {isa = PBXBuildFile; fileRef = 500000000000000000000559 /* DeepDiagnosticReportView.swift */; };
		50000000000000000000055A /* InlineAVPlayerView.swift in Sources */ = {isa = PBXBuildFile; fileRef = 50000000000000000000055B /* InlineAVPlayerView.swift */; };
		50000000000000000000055D /* Analytics.swift in Sources */ = {isa = PBXBuildFile; fileRef = 50000000000000000000055C /* Analytics.swift */; };
		600000000000000000000801 /* FirebaseCore in Frameworks */ = {isa = PBXBuildFile; productRef = 600000000000000000000701 /* FirebaseCore */; };
		600000000000000000000802 /* FirebaseAnalytics in Frameworks */ = {isa = PBXBuildFile; productRef = 600000000000000000000702 /* FirebaseAnalytics */; };
		600000000000000000000803 /* FirebaseCrashlytics in Frameworks */ = {isa = PBXBuildFile; productRef = 600000000000000000000703 /* FirebaseCrashlytics */; };
		600000000000000000000804 /* PrivacyInfo.xcprivacy in Resources */ = {isa = PBXBuildFile; fileRef = 600000000000000000000901 /* PrivacyInfo.xcprivacy */; };
		600000000000000000000805 /* PrivacyInfo.xcprivacy in Resources */ = {isa = PBXBuildFile; fileRef = 600000000000000000000902 /* PrivacyInfo.xcprivacy */; };
/* End PBXBuildFile section */

/* Begin PBXFileReference section */
		100000000000000000000001 /* Paladala.app */ = {isa = PBXFileReference; explicitFileType = wrapper.application; includeInIndex = 0; path = Paladala.app; sourceTree = BUILT_PRODUCTS_DIR; };
		100000000000000000000201 /* PaladalaApp.swift */ = {isa = PBXFileReference; lastKnownFileType = sourcecode.swift; path = PaladalaApp.swift; sourceTree = "<group>"; };
		100000000000000000000202 /* AppRouter.swift */ = {isa = PBXFileReference; lastKnownFileType = sourcecode.swift; path = AppRouter.swift; sourceTree = "<group>"; };
		100000000000000000000203 /* Models.swift */ = {isa = PBXFileReference; lastKnownFileType = sourcecode.swift; path = Models.swift; sourceTree = "<group>"; };
		100000000000000000000204 /* PaladalaTheme.swift */ = {isa = PBXFileReference; lastKnownFileType = sourcecode.swift; path = PaladalaTheme.swift; sourceTree = "<group>"; };
		100000000000000000000205 /* BilibiliAPIClient.swift */ = {isa = PBXFileReference; lastKnownFileType = sourcecode.swift; path = BilibiliAPIClient.swift; sourceTree = "<group>"; };
		100000000000000000000206 /* PaladalaRepository.swift */ = {isa = PBXFileReference; lastKnownFileType = sourcecode.swift; path = PaladalaRepository.swift; sourceTree = "<group>"; };
		100000000000000000000207 /* ViewModels.swift */ = {isa = PBXFileReference; lastKnownFileType = sourcecode.swift; path = ViewModels.swift; sourceTree = "<group>"; };
		100000000000000000000208 /* RootView.swift */ = {isa = PBXFileReference; lastKnownFileType = sourcecode.swift; path = RootView.swift; sourceTree = "<group>"; };
		100000000000000000000209 /* HomeView.swift */ = {isa = PBXFileReference; lastKnownFileType = sourcecode.swift; path = HomeView.swift; sourceTree = "<group>"; };
		10000000000000000000020A /* VideoDetailView.swift */ = {isa = PBXFileReference; lastKnownFileType = sourcecode.swift; path = VideoDetailView.swift; sourceTree = "<group>"; };
		10000000000000000000020B /* DynamicFeedView.swift */ = {isa = PBXFileReference; lastKnownFileType = sourcecode.swift; path = DynamicFeedView.swift; sourceTree = "<group>"; };
		10000000000000000000020C /* LiveRoomsView.swift */ = {isa = PBXFileReference; lastKnownFileType = sourcecode.swift; path = LiveRoomsView.swift; sourceTree = "<group>"; };
		10000000000000000000020D /* ProfileSettingsView.swift */ = {isa = PBXFileReference; lastKnownFileType = sourcecode.swift; path = ProfileSettingsView.swift; sourceTree = "<group>"; };
		10000000000000000000020E /* SharedViews.swift */ = {isa = PBXFileReference; lastKnownFileType = sourcecode.swift; path = SharedViews.swift; sourceTree = "<group>"; };
		10000000000000000000020F /* PaladalaAppIntents.swift */ = {isa = PBXFileReference; lastKnownFileType = sourcecode.swift; path = PaladalaAppIntents.swift; sourceTree = "<group>"; };
		100000000000000000000210 /* Info.plist */ = {isa = PBXFileReference; lastKnownFileType = text.plist.xml; path = Info.plist; sourceTree = "<group>"; };
		100000000000000000000211 /* PlayerView.swift */ = {isa = PBXFileReference; lastKnownFileType = sourcecode.swift; path = PlayerView.swift; sourceTree = "<group>"; };
		100000000000000000000212 /* Assets.xcassets */ = {isa = PBXFileReference; lastKnownFileType = folder.assetcatalog; path = Assets.xcassets; sourceTree = "<group>"; };
		600000000000000000000A03 /* GoogleService-Info.plist */ = {isa = PBXFileReference; lastKnownFileType = text.plist.xml; path = GoogleService-Info.plist; sourceTree = "<group>"; };
		100000000000000000000213 /* DesignModifier.swift */ = {isa = PBXFileReference; lastKnownFileType = sourcecode.swift; path = DesignModifier.swift; sourceTree = "<group>"; };
		100000000000000000000214 /* BundledFeedService.swift */ = {isa = PBXFileReference; lastKnownFileType = sourcecode.swift; path = BundledFeedService.swift; sourceTree = "<group>"; };
		100000000000000000000215 /* StoredAccount.swift */ = {isa = PBXFileReference; lastKnownFileType = sourcecode.swift; path = StoredAccount.swift; sourceTree = "<group>"; };
		100000000000000000000216 /* KeychainStore.swift */ = {isa = PBXFileReference; lastKnownFileType = sourcecode.swift; path = KeychainStore.swift; sourceTree = "<group>"; };
		100000000000000000000217 /* AccountSessionStore.swift */ = {isa = PBXFileReference; lastKnownFileType = sourcecode.swift; path = AccountSessionStore.swift; sourceTree = "<group>"; };
		100000000000000000000218 /* AuthStore.swift */ = {isa = PBXFileReference; lastKnownFileType = sourcecode.swift; path = AuthStore.swift; sourceTree = "<group>"; };
		100000000000000000000219 /* BilibiliAuthAPI.swift */ = {isa = PBXFileReference; lastKnownFileType = sourcecode.swift; path = BilibiliAuthAPI.swift; sourceTree = "<group>"; };
		10000000000000000000021A /* LoginViewModel.swift */ = {isa = PBXFileReference; lastKnownFileType = sourcecode.swift; path = LoginViewModel.swift; sourceTree = "<group>"; };
		10000000000000000000021B /* LoginSheet.swift */ = {isa = PBXFileReference; lastKnownFileType = sourcecode.swift; path = LoginSheet.swift; sourceTree = "<group>"; };
		10000000000000000000021C /* AccountContentViews.swift */ = {isa = PBXFileReference; lastKnownFileType = sourcecode.swift; path = AccountContentViews.swift; sourceTree = "<group>"; };
		10000000000000000000021D /* ReplyListView.swift */ = {isa = PBXFileReference; lastKnownFileType = sourcecode.swift; path = ReplyListView.swift; sourceTree = "<group>"; };
		100000000000000000000220 /* DiagnosticLogger.swift */ = {isa = PBXFileReference; lastKnownFileType = sourcecode.swift; path = DiagnosticLogger.swift; sourceTree = "<group>"; };
		100000000000000000000221 /* LogViewerView.swift */ = {isa = PBXFileReference; lastKnownFileType = sourcecode.swift; path = LogViewerView.swift; sourceTree = "<group>"; };
		100000000000000000000222 /* DeviceInfo.swift */ = {isa = PBXFileReference; lastKnownFileType = sourcecode.swift; path = DeviceInfo.swift; sourceTree = "<group>"; };
		100000000000000000000223 /* Haptics.swift */ = {isa = PBXFileReference; lastKnownFileType = sourcecode.swift; path = Haptics.swift; sourceTree = "<group>"; };
		100000000000000000000224 /* OnboardingView.swift */ = {isa = PBXFileReference; lastKnownFileType = sourcecode.swift; path = OnboardingView.swift; sourceTree = "<group>"; };
		100000000000000000000225 /* NetworkMonitor.swift */ = {isa = PBXFileReference; lastKnownFileType = sourcecode.swift; path = NetworkMonitor.swift; sourceTree = "<group>"; };
		100000000000000000000226 /* MiniPlayerStore.swift */ = {isa = PBXFileReference; lastKnownFileType = sourcecode.swift; path = MiniPlayerStore.swift; sourceTree = "<group>"; };
		100000000000000000000227 /* MiniPlayerOverlay.swift */ = {isa = PBXFileReference; lastKnownFileType = sourcecode.swift; path = MiniPlayerOverlay.swift; sourceTree = "<group>"; };
		100000000000000000000228 /* BackGestureEnabler.swift */ = {isa = PBXFileReference; lastKnownFileType = sourcecode.swift; path = BackGestureEnabler.swift; sourceTree = "<group>"; };
		10000000000000000000022A /* Localizable.swift */ = {isa = PBXFileReference; lastKnownFileType = sourcecode.swift; path = Localizable.swift; sourceTree = "<group>"; };
		10000000000000000000022B /* MusicService.swift */ = {isa = PBXFileReference; lastKnownFileType = sourcecode.swift; path = MusicService.swift; sourceTree = "<group>"; };
		10000000000000000000022C /* MusicHomeView.swift */ = {isa = PBXFileReference; lastKnownFileType = sourcecode.swift; path = MusicHomeView.swift; sourceTree = "<group>"; };
		200000000000000000000401 /* AVPlayerController.swift */ = {isa = PBXFileReference; lastKnownFileType = sourcecode.swift; path = AVPlayerController.swift; sourceTree = "<group>"; };
		300000000000000000000502 /* LocalHLSProxyServer.swift */ = {isa = PBXFileReference; lastKnownFileType = sourcecode.swift; path = LocalHLSProxyServer.swift; sourceTree = "<group>"; };
		300000000000000000000503 /* WatchSession.swift */ = {isa = PBXFileReference; lastKnownFileType = sourcecode.swift; path = WatchSession.swift; sourceTree = "<group>"; };
		100000000000000000000464 /* LiveRoomActivityAttributes.swift */ = {isa = PBXFileReference; lastKnownFileType = sourcecode.swift; path = LiveRoomActivityAttributes.swift; sourceTree = "<group>"; };
		100000000000000000000467 /* ICloudSync.swift */ = {isa = PBXFileReference; lastKnownFileType = sourcecode.swift; path = ICloudSync.swift; sourceTree = "<group>"; };
		100000000000000000000469 /* LiveActivityCoordinator.swift */ = {isa = PBXFileReference; lastKnownFileType = sourcecode.swift; path = LiveActivityCoordinator.swift; sourceTree = "<group>"; };
		10000000000000000000046B /* Paladala.entitlements */ = {isa = PBXFileReference; lastKnownFileType = text.plist.entitlements; path = Paladala.entitlements; sourceTree = "<group>"; };
		100000000000000000000471 /* PaladalaWidgetBundle.swift */ = {isa = PBXFileReference; lastKnownFileType = sourcecode.swift; path = PaladalaWidgetBundle.swift; sourceTree = "<group>"; };
		100000000000000000000473 /* LiveActivityWidget.swift */ = {isa = PBXFileReference; lastKnownFileType = sourcecode.swift; path = LiveActivityWidget.swift; sourceTree = "<group>"; };
		100000000000000000000476 /* Info.plist */ = {isa = PBXFileReference; lastKnownFileType = text.plist.xml; path = Info.plist; sourceTree = "<group>"; };
		100000000000000000000478 /* PaladalaWidget.entitlements */ = {isa = PBXFileReference; lastKnownFileType = text.plist.entitlements; path = PaladalaWidget.entitlements; sourceTree = "<group>"; };
		100000000000000000000479 /* PaladalaWidget.appex */ = {isa = PBXFileReference; explicitFileType = "wrapper.app-extension"; includeInIndex = 0; path = PaladalaWidget.appex; sourceTree = BUILT_PRODUCTS_DIR; };
		500000000000000000000550 /* DownloadManager.swift */ = {isa = PBXFileReference; lastKnownFileType = sourcecode.swift; path = DownloadManager.swift; sourceTree = "<group>"; };
		500000000000000000000552 /* DownloadStore.swift */ = {isa = PBXFileReference; lastKnownFileType = sourcecode.swift; path = DownloadStore.swift; sourceTree = "<group>"; };
		500000000000000000000554 /* PaladalaAppDelegate.swift */ = {isa = PBXFileReference; lastKnownFileType = sourcecode.swift; path = PaladalaAppDelegate.swift; sourceTree = "<group>"; };
		500000000000000000000556 /* DownloadedVideosView.swift */ = {isa = PBXFileReference; lastKnownFileType = sourcecode.swift; path = DownloadedVideosView.swift; sourceTree = "<group>"; };
		500000000000000000000559 /* DeepDiagnosticReportView.swift */ = {isa = PBXFileReference; lastKnownFileType = sourcecode.swift; path = DeepDiagnosticReportView.swift; sourceTree = "<group>"; };
		50000000000000000000055B /* InlineAVPlayerView.swift */ = {isa = PBXFileReference; lastKnownFileType = sourcecode.swift; path = InlineAVPlayerView.swift; sourceTree = "<group>"; };
		50000000000000000000055C /* Analytics.swift */ = {isa = PBXFileReference; lastKnownFileType = sourcecode.swift; path = Analytics.swift; sourceTree = "<group>"; };
		600000000000000000000901 /* PrivacyInfo.xcprivacy */ = {isa = PBXFileReference; lastKnownFileType = text.xml; path = PrivacyInfo.xcprivacy; sourceTree = "<group>"; };
		600000000000000000000902 /* PrivacyInfo.xcprivacy */ = {isa = PBXFileReference; lastKnownFileType = text.xml; path = PrivacyInfo.xcprivacy; sourceTree = "<group>"; };
/* End PBXFileReference section */

/* Begin PBXFrameworksBuildPhase section */
		100000000000000000000301 /* Frameworks */ = {
			isa = PBXFrameworksBuildPhase;
			buildActionMask = 2147483647;
			files = (
				600000000000000000000801 /* FirebaseCore in Frameworks */,
				600000000000000000000802 /* FirebaseAnalytics in Frameworks */,
				600000000000000000000803 /* FirebaseCrashlytics in Frameworks */,
			);
			runOnlyForDeploymentPostprocessing = 0;
		};
		10000000000000000000047E /* Frameworks */ = {
			isa = PBXFrameworksBuildPhase;
			buildActionMask = 2147483647;
			files = (
			);
			runOnlyForDeploymentPostprocessing = 0;
		};
/* End PBXFrameworksBuildPhase section */

/* Begin PBXGroup section */
		100000000000000000000401 = {
			isa = PBXGroup;
			children = (
				100000000000000000000402 /* Paladala */,
				100000000000000000000470 /* PaladalaWidget */,
				100000000000000000000403 /* Products */,
			);
			sourceTree = "<group>";
		};
		100000000000000000000402 /* Paladala */ = {
			isa = PBXGroup;
			children = (
				100000000000000000000201 /* PaladalaApp.swift */,
				100000000000000000000202 /* AppRouter.swift */,
				100000000000000000000203 /* Models.swift */,
				100000000000000000000204 /* PaladalaTheme.swift */,
				100000000000000000000205 /* BilibiliAPIClient.swift */,
				100000000000000000000206 /* PaladalaRepository.swift */,
				100000000000000000000207 /* ViewModels.swift */,
				100000000000000000000208 /* RootView.swift */,
				100000000000000000000209 /* HomeView.swift */,
				10000000000000000000020A /* VideoDetailView.swift */,
				10000000000000000000020B /* DynamicFeedView.swift */,
				10000000000000000000020C /* LiveRoomsView.swift */,
				10000000000000000000020D /* ProfileSettingsView.swift */,
				10000000000000000000020E /* SharedViews.swift */,
				10000000000000000000021D /* ReplyListView.swift */,
				10000000000000000000021C /* AccountContentViews.swift */,
				10000000000000000000020F /* PaladalaAppIntents.swift */,
				100000000000000000000210 /* Info.plist */,
				100000000000000000000211 /* PlayerView.swift */,
				100000000000000000000220 /* DiagnosticLogger.swift */,
				100000000000000000000221 /* LogViewerView.swift */,
				100000000000000000000222 /* DeviceInfo.swift */,
				100000000000000000000223 /* Haptics.swift */,
				100000000000000000000224 /* OnboardingView.swift */,
				100000000000000000000225 /* NetworkMonitor.swift */,
				100000000000000000000226 /* MiniPlayerStore.swift */,
				100000000000000000000227 /* MiniPlayerOverlay.swift */,
				100000000000000000000228 /* BackGestureEnabler.swift */,
				10000000000000000000022A /* Localizable.swift */,
				10000000000000000000022B /* MusicService.swift */,
				10000000000000000000022C /* MusicHomeView.swift */,
				200000000000000000000401 /* AVPlayerController.swift */,
				300000000000000000000502 /* LocalHLSProxyServer.swift */,
				300000000000000000000503 /* WatchSession.swift */,
				100000000000000000000212 /* Assets.xcassets */,
				100000000000000000000213 /* DesignModifier.swift */,
				100000000000000000000214 /* BundledFeedService.swift */,
				100000000000000000000467 /* ICloudSync.swift */,
				100000000000000000000469 /* LiveActivityCoordinator.swift */,
				10000000000000000000046B /* Paladala.entitlements */,
				600000000000000000000901 /* PrivacyInfo.xcprivacy */,
				600000000000000000000A03 /* GoogleService-Info.plist */,
				100000000000000000000463 /* Shared */,
				100000000000000000000404 /* Auth */,
				100000000000000000000405 /* Login */,
				500000000000000000000550 /* DownloadManager.swift */,
				500000000000000000000552 /* DownloadStore.swift */,
				500000000000000000000554 /* PaladalaAppDelegate.swift */,
				500000000000000000000556 /* DownloadedVideosView.swift */,
				500000000000000000000559 /* DeepDiagnosticReportView.swift */,
				50000000000000000000055B /* InlineAVPlayerView.swift */,
				50000000000000000000055C /* Analytics.swift */,
			);
			path = Paladala;
			sourceTree = "<group>";
		};
		100000000000000000000403 /* Products */ = {
			isa = PBXGroup;
			children = (
				100000000000000000000001 /* Paladala.app */,
				100000000000000000000479 /* PaladalaWidget.appex */,
			);
			name = Products;
			sourceTree = "<group>";
		};
		100000000000000000000404 /* Auth */ = {
			isa = PBXGroup;
			children = (
				100000000000000000000215 /* StoredAccount.swift */,
				100000000000000000000216 /* KeychainStore.swift */,
				100000000000000000000217 /* AccountSessionStore.swift */,
				100000000000000000000218 /* AuthStore.swift */,
				100000000000000000000219 /* BilibiliAuthAPI.swift */,
			);
			path = Auth;
			sourceTree = "<group>";
		};
		100000000000000000000405 /* Login */ = {
			isa = PBXGroup;
			children = (
				10000000000000000000021A /* LoginViewModel.swift */,
				10000000000000000000021B /* LoginSheet.swift */,
			);
			path = Login;
			sourceTree = "<group>";
		};
		100000000000000000000463 /* Shared */ = {
			isa = PBXGroup;
			children = (
				100000000000000000000464 /* LiveRoomActivityAttributes.swift */,
			);
			path = Shared;
			sourceTree = "<group>";
		};
		100000000000000000000470 /* PaladalaWidget */ = {
			isa = PBXGroup;
			children = (
				100000000000000000000471 /* PaladalaWidgetBundle.swift */,
				100000000000000000000473 /* LiveActivityWidget.swift */,
				100000000000000000000476 /* Info.plist */,
				100000000000000000000478 /* PaladalaWidget.entitlements */,
				600000000000000000000902 /* PrivacyInfo.xcprivacy */,
			);
			path = PaladalaWidget;
			sourceTree = "<group>";
		};
/* End PBXGroup section */

/* Begin PBXNativeTarget section */
		10000000000000000000047B /* PaladalaWidget */ = {
			isa = PBXNativeTarget;
			buildConfigurationList = 100000000000000000000482 /* Build configuration list for PBXNativeTarget "PaladalaWidget" */;
			buildPhases = (
				10000000000000000000047C /* Sources */,
				10000000000000000000047E /* Frameworks */,
				10000000000000000000047D /* Resources */,
			);
			buildRules = (
			);
			dependencies = (
			);
			name = PaladalaWidget;
			productName = PaladalaWidget;
			productReference = 100000000000000000000479 /* PaladalaWidget.appex */;
			productType = "com.apple.product-type.app-extension";
		};
		100000000000000000000501 /* Paladala */ = {
			isa = PBXNativeTarget;
			buildConfigurationList = 100000000000000000000901 /* Build configuration list for PBXNativeTarget "Paladala" */;
			buildPhases = (
				100000000000000000000701 /* Sources */,
				100000000000000000000301 /* Frameworks */,
				600000000000000000000A01 /* Upload Crashlytics Symbols */,
				100000000000000000000801 /* Resources */,
				10000000000000000000047F /* Embed PlugIns */,
			);
			buildRules = (
			);
			dependencies = (
				100000000000000000000480 /* PBXTargetDependency */,
			);
			name = Paladala;
			packageProductDependencies = (
				600000000000000000000701 /* FirebaseCore */,
				600000000000000000000702 /* FirebaseAnalytics */,
				600000000000000000000703 /* FirebaseCrashlytics */,
			);
			productName = Paladala;
			productReference = 100000000000000000000001 /* Paladala.app */;
			productType = "com.apple.product-type.application";
		};
/* End PBXNativeTarget section */

/* Begin PBXCopyFilesBuildPhase section */
		10000000000000000000047F /* Embed PlugIns */ = {
			isa = PBXCopyFilesBuildPhase;
			buildActionMask = 2147483647;
			dstPath = "";
			dstSubfolderSpec = 13;
			files = (
				10000000000000000000047A /* PaladalaWidget.appex in Embed PlugIns */,
			);
			name = "Embed PlugIns";
			runOnlyForDeploymentPostprocessing = 0;
		};
/* End PBXCopyFilesBuildPhase section */

/* Begin PBXContainerItemProxy section */
		100000000000000000000481 /* PBXContainerItemProxy */ = {
			isa = PBXContainerItemProxy;
			containerPortal = 100000000000000000000601 /* Project object */;
			proxyType = 1;
			remoteGlobalIDString = 10000000000000000000047B;
			remoteInfo = PaladalaWidget;
		};
/* End PBXContainerItemProxy section */


/* Begin XCSwiftPackageProductDependency section */
		600000000000000000000701 /* FirebaseCore */ = {
			isa = XCSwiftPackageProductDependency;
			package = 600000000000000000000601 /* XCRemoteSwiftPackageReference "firebase-ios-sdk" */;
			productName = FirebaseCore;
		};
		600000000000000000000702 /* FirebaseAnalytics */ = {
			isa = XCSwiftPackageProductDependency;
			package = 600000000000000000000601 /* XCRemoteSwiftPackageReference "firebase-ios-sdk" */;
			productName = FirebaseAnalytics;
		};
		600000000000000000000703 /* FirebaseCrashlytics */ = {
			isa = XCSwiftPackageProductDependency;
			package = 600000000000000000000601 /* XCRemoteSwiftPackageReference "firebase-ios-sdk" */;
			productName = FirebaseCrashlytics;
		};
/* End XCSwiftPackageProductDependency section */

/* Begin PBXTargetDependency section */
		100000000000000000000480 /* PBXTargetDependency */ = {
			isa = PBXTargetDependency;
			target = 10000000000000000000047B /* PaladalaWidget */;
			targetProxy = 100000000000000000000481 /* PBXContainerItemProxy */;
		};
/* End PBXTargetDependency section */

/* Begin PBXProject section */
		100000000000000000000601 /* Project object */ = {
			isa = PBXProject;
			attributes = {
				BuildIndependentTargetsInParallel = 1;
				LastSwiftUpdateCheck = 1500;
				LastUpgradeCheck = 1500;
				TargetAttributes = {
					10000000000000000000047B = {
						CreatedOnToolsVersion = 15.0;
					};
					100000000000000000000501 = {
						CreatedOnToolsVersion = 15.0;
					};
				};
			};
			buildConfigurationList = 100000000000000000000902 /* Build configuration list for PBXProject "Paladala" */;
			compatibilityVersion = "Xcode 14.0";
			developmentRegion = en;
			hasScannedForEncodings = 0;
			knownRegions = (
				en,
				Base,
			);
			mainGroup = 100000000000000000000401;
			packageReferences = (
				600000000000000000000601 /* XCRemoteSwiftPackageReference "firebase-ios-sdk" */,
			);
			productRefGroup = 100000000000000000000403 /* Products */;
			projectDirPath = "";
			projectRoot = "";
			targets = (
				100000000000000000000501 /* Paladala */,
				10000000000000000000047B /* PaladalaWidget */,
			);
		};
/* End PBXProject section */

/* Begin PBXResourcesBuildPhase section */
		100000000000000000000801 /* Resources */ = {
			isa = PBXResourcesBuildPhase;
			buildActionMask = 2147483647;
			files = (
				100000000000000000000111 /* Assets.xcassets in Resources */,
				600000000000000000000804 /* PrivacyInfo.xcprivacy in Resources */,
				600000000000000000000A04 /* GoogleService-Info.plist in Resources */,
			);
			runOnlyForDeploymentPostprocessing = 0;
		};
		10000000000000000000047D /* Resources */ = {
			isa = PBXResourcesBuildPhase;
			buildActionMask = 2147483647;
			files = (
				600000000000000000000805 /* PrivacyInfo.xcprivacy in Resources */,
			);
			runOnlyForDeploymentPostprocessing = 0;
		};
/* End PBXResourcesBuildPhase section */


/* Begin PBXShellScriptBuildPhase section */
		600000000000000000000A01 /* Upload Crashlytics Symbols */ = {
			isa = PBXShellScriptBuildPhase;
			alwaysOutOfDate = 1;
			buildActionMask = 2147483647;
			files = (
			);
			inputFileListPaths = (
			);
			inputPaths = (
			);
			name = "Upload Crashlytics Symbols";
			outputFileListPaths = (
			);
			outputPaths = (
			);
			runOnlyForDeploymentPostprocessing = 0;
			shellPath = /bin/sh;
			shellScript = "GOOGLE_SERVICE_INFO_PLIST=\"${SRCROOT}/Paladala/GoogleService-Info.plist\"\n# Crashlytics' upload-symbols synchronously validates GOOGLE_APP_ID against\n# the build environment (the env var is set on the xcodebuild command line\n# but Xcode does not export custom build settings to the Run Script\n# sandbox, see sandbox-exec -D flags) and the dSYM upload step itself is\n# meaningless without a signed/distributable artifact. Skip the whole\n# upload phase on unsigned CI builds (CODE_SIGNING_ALLOWED=NO) so\n# xcodebuild never invokes Crashlytics' run script in that mode.\nif [ \"${CODE_SIGNING_ALLOWED:-}\" = \"NO\" ]; then\n  echo \"Skipping Crashlytics symbol upload: CODE_SIGNING_ALLOWED=NO (unsigned CI build).\"\n  exit 0\nfi\nif [ -f \"$GOOGLE_SERVICE_INFO_PLIST\" ]; then\n  \"${BUILD_DIR%/Build/*}/SourcePackages/checkouts/firebase-ios-sdk/Crashlytics/run\"\nelse\n  echo \"Skipping Crashlytics symbol upload: GoogleService-Info.plist not found at $GOOGLE_SERVICE_INFO_PLIST (unsigned CI build).\"\nfi\n";
		};
/* End PBXShellScriptBuildPhase section */

/* Begin PBXSourcesBuildPhase section */
		100000000000000000000701 /* Sources */ = {
			isa = PBXSourcesBuildPhase;
			buildActionMask = 2147483647;
			files = (
				100000000000000000000101 /* PaladalaApp.swift in Sources */,
				100000000000000000000102 /* AppRouter.swift in Sources */,
				100000000000000000000103 /* Models.swift in Sources */,
				100000000000000000000104 /* PaladalaTheme.swift in Sources */,
				100000000000000000000105 /* BilibiliAPIClient.swift in Sources */,
				100000000000000000000106 /* PaladalaRepository.swift in Sources */,
				100000000000000000000107 /* ViewModels.swift in Sources */,
				100000000000000000000108 /* RootView.swift in Sources */,
				100000000000000000000109 /* HomeView.swift in Sources */,
				10000000000000000000010A /* VideoDetailView.swift in Sources */,
				10000000000000000000010B /* DynamicFeedView.swift in Sources */,
				10000000000000000000010C /* LiveRoomsView.swift in Sources */,
				10000000000000000000010D /* ProfileSettingsView.swift in Sources */,
				10000000000000000000010E /* SharedViews.swift in Sources */,
				10000000000000000000010F /* PaladalaAppIntents.swift in Sources */,
				100000000000000000000110 /* PlayerView.swift in Sources */,
				100000000000000000000112 /* DesignModifier.swift in Sources */,
				100000000000000000000113 /* BundledFeedService.swift in Sources */,
				100000000000000000000114 /* StoredAccount.swift in Sources */,
				100000000000000000000115 /* KeychainStore.swift in Sources */,
				100000000000000000000116 /* AccountSessionStore.swift in Sources */,
				100000000000000000000117 /* AuthStore.swift in Sources */,
				100000000000000000000118 /* BilibiliAuthAPI.swift in Sources */,
				100000000000000000000119 /* LoginViewModel.swift in Sources */,
				10000000000000000000011A /* LoginSheet.swift in Sources */,
				10000000000000000000011B /* AccountContentViews.swift in Sources */,
				10000000000000000000011C /* ReplyListView.swift in Sources */,
				10000000000000000000011E /* DiagnosticLogger.swift in Sources */,
				10000000000000000000011F /* LogViewerView.swift in Sources */,
				100000000000000000000120 /* DeviceInfo.swift in Sources */,
				100000000000000000000121 /* Haptics.swift in Sources */,
				100000000000000000000122 /* OnboardingView.swift in Sources */,
				100000000000000000000123 /* NetworkMonitor.swift in Sources */,
				100000000000000000000124 /* MiniPlayerStore.swift in Sources */,
				100000000000000000000125 /* MiniPlayerOverlay.swift in Sources */,
				100000000000000000000126 /* BackGestureEnabler.swift in Sources */,
				10000000000000000000012A /* Localizable.swift in Sources */,
				10000000000000000000012B /* MusicService.swift in Sources */,
				10000000000000000000012C /* MusicHomeView.swift in Sources */,
				200000000000000000000301 /* AVPlayerController.swift in Sources */,
				300000000000000000000602 /* LocalHLSProxyServer.swift in Sources */,
				300000000000000000000603 /* WatchSession.swift in Sources */,
				100000000000000000000468 /* ICloudSync.swift in Sources */,
				10000000000000000000046A /* LiveActivityCoordinator.swift in Sources */,
				100000000000000000000465 /* LiveRoomActivityAttributes.swift in Sources */,
				500000000000000000000551 /* DownloadManager.swift in Sources */,
				500000000000000000000553 /* DownloadStore.swift in Sources */,
				500000000000000000000555 /* PaladalaAppDelegate.swift in Sources */,
				500000000000000000000557 /* DownloadedVideosView.swift in Sources */,
				500000000000000000000558 /* DeepDiagnosticReportView.swift in Sources */,
				50000000000000000000055A /* InlineAVPlayerView.swift in Sources */,
				50000000000000000000055D /* Analytics.swift in Sources */,
			);
			runOnlyForDeploymentPostprocessing = 0;
		};
		10000000000000000000047C /* Sources */ = {
			isa = PBXSourcesBuildPhase;
			buildActionMask = 2147483647;
			files = (
				100000000000000000000472 /* PaladalaWidgetBundle.swift in Sources */,
				100000000000000000000474 /* LiveActivityWidget.swift in Sources */,
				100000000000000000000475 /* LiveRoomActivityAttributes.swift in Sources */,
			);
			runOnlyForDeploymentPostprocessing = 0;
		};
/* End PBXSourcesBuildPhase section */

/* Begin XCBuildConfiguration section */
		100000000000000000000A01 /* Debug */ = {
			isa = XCBuildConfiguration;
			buildSettings = {
				ALWAYS_SEARCH_USER_PATHS = NO;
				CLANG_ANALYZER_NONNULL = YES;
				CLANG_ANALYZER_NUMBER_OBJECT_CONVERSION = YES_AGGRESSIVE;
				CLANG_CXX_LANGUAGE_STANDARD = "gnu++20";
				CLANG_ENABLE_MODULES = YES;
				CLANG_ENABLE_OBJC_ARC = YES;
				CLANG_ENABLE_OBJC_WEAK = YES;
				CLANG_WARN_BLOCK_CAPTURE_AUTORELEASING = YES;
				CLANG_WARN_BOOL_CONVERSION = YES;
				CLANG_WARN_COMMA = YES;
				CLANG_WARN_CONSTANT_CONVERSION = YES;
				CLANG_WARN_DEPRECATED_OBJC_IMPLEMENTATIONS = YES;
				CLANG_WARN_DIRECT_OBJC_ISA_USAGE = YES_ERROR;
				CLANG_WARN_DOCUMENTATION_COMMENTS = YES;
				CLANG_WARN_EMPTY_BODY = YES;
				CLANG_WARN_ENUM_CONVERSION = YES;
				CLANG_WARN_INFINITE_RECURSION = YES;
				CLANG_WARN_INT_CONVERSION = YES;
				CLANG_WARN_NON_LITERAL_NULL_CONVERSION = YES;
				CLANG_WARN_OBJC_IMPLICIT_RETAIN_SELF = YES;
				CLANG_WARN_OBJC_LITERAL_CONVERSION = YES;
				CLANG_WARN_OBJC_ROOT_CLASS = YES_ERROR;
				CLANG_WARN_QUOTED_INCLUDE_IN_FRAMEWORK_HEADER = YES;
				CLANG_WARN_RANGE_LOOP_ANALYSIS = YES;
				CLANG_WARN_STRICT_PROTOTYPES = YES;
				CLANG_WARN_SUSPICIOUS_MOVE = YES;
				CLANG_WARN_UNGUARDED_AVAILABILITY = YES_AGGRESSIVE;
				CLANG_WARN_UNREACHABLE_CODE = YES;
				CLANG_WARN__DUPLICATE_METHOD_MATCH = YES;
				COPY_PHASE_STRIP = NO;
				DEBUG_INFORMATION_FORMAT = dwarf;
				ENABLE_STRICT_OBJC_MSGSEND = YES;
				ENABLE_TESTABILITY = YES;
				ENABLE_USER_SCRIPT_SANDBOXING = YES;
				GCC_C_LANGUAGE_STANDARD = gnu17;
				GCC_DYNAMIC_NO_PIC = NO;
				GCC_NO_COMMON_BLOCKS = YES;
				GCC_OPTIMIZATION_LEVEL = 0;
				GCC_PREPROCESSOR_DEFINITIONS = (
					"DEBUG=1",
					"$(inherited)",
				);
				GCC_WARN_64_TO_32_BIT_CONVERSION = YES;
				GCC_WARN_ABOUT_RETURN_TYPE = YES_ERROR;
				GCC_WARN_UNDECLARED_SELECTOR = YES;
				GCC_WARN_UNINITIALIZED_AUTOS = YES_AGGRESSIVE;
				GCC_WARN_UNUSED_FUNCTION = YES;
				GCC_WARN_UNUSED_VARIABLE = YES;
				IPHONEOS_DEPLOYMENT_TARGET = 18.0;
				MTL_ENABLE_DEBUG_INFO = INCLUDE_SOURCE;
				MTL_FAST_MATH = YES;
				ONLY_ACTIVE_ARCH = YES;
				SDKROOT = iphoneos;
				SWIFT_ACTIVE_COMPILATION_CONDITIONS = DEBUG;
				SWIFT_OPTIMIZATION_LEVEL = "-Onone";
			};
			name = Debug;
		};
		100000000000000000000A02 /* Release */ = {
			isa = XCBuildConfiguration;
			buildSettings = {
				ALWAYS_SEARCH_USER_PATHS = NO;
				CLANG_ANALYZER_NONNULL = YES;
				CLANG_ANALYZER_NUMBER_OBJECT_CONVERSION = YES_AGGRESSIVE;
				CLANG_CXX_LANGUAGE_STANDARD = "gnu++20";
				CLANG_ENABLE_MODULES = YES;
				CLANG_ENABLE_OBJC_ARC = YES;
				CLANG_ENABLE_OBJC_WEAK = YES;
				CLANG_WARN_BLOCK_CAPTURE_AUTORELEASING = YES;
				CLANG_WARN_BOOL_CONVERSION = YES;
				CLANG_WARN_COMMA = YES;
				CLANG_WARN_CONSTANT_CONVERSION = YES;
				CLANG_WARN_DEPRECATED_OBJC_IMPLEMENTATIONS = YES;
				CLANG_WARN_DIRECT_OBJC_ISA_USAGE = YES_ERROR;
				CLANG_WARN_DOCUMENTATION_COMMENTS = YES;
				CLANG_WARN_EMPTY_BODY = YES;
				CLANG_WARN_ENUM_CONVERSION = YES;
				CLANG_WARN_INFINITE_RECURSION = YES;
				CLANG_WARN_INT_CONVERSION = YES;
				CLANG_WARN_NON_LITERAL_NULL_CONVERSION = YES;
				CLANG_WARN_OBJC_IMPLICIT_RETAIN_SELF = YES;
				CLANG_WARN_OBJC_LITERAL_CONVERSION = YES;
				CLANG_WARN_OBJC_ROOT_CLASS = YES_ERROR;
				CLANG_WARN_QUOTED_INCLUDE_IN_FRAMEWORK_HEADER = YES;
				CLANG_WARN_RANGE_LOOP_ANALYSIS = YES;
				CLANG_WARN_STRICT_PROTOTYPES = YES;
				CLANG_WARN_SUSPICIOUS_MOVE = YES;
				CLANG_WARN_UNGUARDED_AVAILABILITY = YES_AGGRESSIVE;
				CLANG_WARN_UNREACHABLE_CODE = YES;
				CLANG_WARN__DUPLICATE_METHOD_MATCH = YES;
				COPY_PHASE_STRIP = NO;
				DEBUG_INFORMATION_FORMAT = "dwarf-with-dsym";
				ENABLE_NS_ASSERTIONS = NO;
				ENABLE_STRICT_OBJC_MSGSEND = YES;
				ENABLE_USER_SCRIPT_SANDBOXING = YES;
				GCC_C_LANGUAGE_STANDARD = gnu17;
				GCC_NO_COMMON_BLOCKS = YES;
				GCC_WARN_64_TO_32_BIT_CONVERSION = YES;
				GCC_WARN_ABOUT_RETURN_TYPE = YES_ERROR;
				GCC_WARN_UNDECLARED_SELECTOR = YES;
				GCC_WARN_UNINITIALIZED_AUTOS = YES_AGGRESSIVE;
				GCC_WARN_UNUSED_FUNCTION = YES;
				GCC_WARN_UNUSED_VARIABLE = YES;
				IPHONEOS_DEPLOYMENT_TARGET = 18.0;
				MTL_ENABLE_DEBUG_INFO = NO;
				MTL_FAST_MATH = YES;
				SDKROOT = iphoneos;
				SWIFT_COMPILATION_MODE = wholemodule;
				VALIDATE_PRODUCT = YES;
			};
			name = Release;
		};
		100000000000000000000B01 /* Debug */ = {
			isa = XCBuildConfiguration;
			buildSettings = {
				ASSETCATALOG_COMPILER_APPICON_NAME = AppIcon;
				CODE_SIGN_ENTITLEMENTS = Paladala/Paladala.entitlements;
				CODE_SIGN_STYLE = Automatic;
				CURRENT_PROJECT_VERSION = 1;
				DEVELOPMENT_ASSET_PATHS = "";
				DEVELOPMENT_TEAM = "";
				EMBEDDED_CONTENT_CONTAINS_SWIFT = YES;
				ENABLE_PREVIEWS = YES;
				GENERATE_INFOPLIST_FILE = NO;
				INFOPLIST_FILE = Paladala/Info.plist;
				IPHONEOS_DEPLOYMENT_TARGET = 17.5;
				LD_RUNPATH_SEARCH_PATHS = (
					"$(inherited)",
					"@executable_path/Frameworks",
				);
				MARKETING_VERSION = 0.4;
				PRODUCT_BUNDLE_IDENTIFIER = com.dt.paladala;
				PRODUCT_NAME = Paladala;
				SUPPORTED_PLATFORMS = "iphoneos iphonesimulator";
				SUPPORTS_MACCATALYST = NO;
				SUPPORTS_MAC_DESIGNED_FOR_IPHONE_IPAD = NO;
				SWIFT_EMIT_LOC_STRINGS = YES;
				SWIFT_VERSION = 6.0;
				TARGETED_DEVICE_FAMILY = "1,2";
			};
			name = Debug;
		};
		100000000000000000000B02 /* Release */ = {
			isa = XCBuildConfiguration;
			buildSettings = {
				ASSETCATALOG_COMPILER_APPICON_NAME = AppIcon;
				CODE_SIGN_ENTITLEMENTS = Paladala/Paladala.entitlements;
				CODE_SIGN_STYLE = Automatic;
				CURRENT_PROJECT_VERSION = 1;
				DEVELOPMENT_ASSET_PATHS = "";
				DEVELOPMENT_TEAM = "";
				EMBEDDED_CONTENT_CONTAINS_SWIFT = YES;
				ENABLE_PREVIEWS = YES;
				GENERATE_INFOPLIST_FILE = NO;
				INFOPLIST_FILE = Paladala/Info.plist;
				IPHONEOS_DEPLOYMENT_TARGET = 17.5;
				LD_RUNPATH_SEARCH_PATHS = (
					"$(inherited)",
					"@executable_path/Frameworks",
				);
				MARKETING_VERSION = 0.4;
				PRODUCT_BUNDLE_IDENTIFIER = com.dt.paladala;
				PRODUCT_NAME = Paladala;
				SUPPORTED_PLATFORMS = "iphoneos iphonesimulator";
				SUPPORTS_MACCATALYST = NO;
				SUPPORTS_MAC_DESIGNED_FOR_IPHONE_IPAD = NO;
				SWIFT_EMIT_LOC_STRINGS = YES;
				SWIFT_VERSION = 6.0;
				TARGETED_DEVICE_FAMILY = "1,2";
			};
			name = Release;
		};
		100000000000000000000B05 /* Debug */ = {
			isa = XCBuildConfiguration;
			buildSettings = {
				CODE_SIGN_ENTITLEMENTS = PaladalaWidget/PaladalaWidget.entitlements;
				CODE_SIGN_STYLE = Automatic;
				CURRENT_PROJECT_VERSION = 1;
				DEVELOPMENT_TEAM = "";
				GENERATE_INFOPLIST_FILE = NO;
				INFOPLIST_FILE = PaladalaWidget/Info.plist;
				INFOPLIST_KEY_CFBundleDisplayName = "Paladala Widget";
				INFOPLIST_KEY_NSHumanReadableCopyright = "";
				IPHONEOS_DEPLOYMENT_TARGET = 17.5;
				LD_RUNPATH_SEARCH_PATHS = (
					"$(inherited)",
					"@executable_path/Frameworks",
					"@executable_path/../../Frameworks",
				);
				MARKETING_VERSION = 0.4;
				PRODUCT_BUNDLE_IDENTIFIER = com.dt.paladala.PaladalaWidget;
				PRODUCT_NAME = PaladalaWidget;
				SKIP_INSTALL = YES;
				SUPPORTED_PLATFORMS = "iphoneos iphonesimulator";
				SUPPORTS_MACCATALYST = NO;
				SUPPORTS_MAC_DESIGNED_FOR_IPHONE_IPAD = NO;
				SWIFT_EMIT_LOC_STRINGS = YES;
				SWIFT_VERSION = 6.0;
				TARGETED_DEVICE_FAMILY = "1,2";
			};
			name = Debug;
		};
		100000000000000000000B06 /* Release */ = {
			isa = XCBuildConfiguration;
			buildSettings = {
				CODE_SIGN_ENTITLEMENTS = PaladalaWidget/PaladalaWidget.entitlements;
				CODE_SIGN_STYLE = Automatic;
				CURRENT_PROJECT_VERSION = 1;
				DEVELOPMENT_TEAM = "";
				GENERATE_INFOPLIST_FILE = NO;
				INFOPLIST_FILE = PaladalaWidget/Info.plist;
				INFOPLIST_KEY_CFBundleDisplayName = "Paladala Widget";
				INFOPLIST_KEY_NSHumanReadableCopyright = "";
				IPHONEOS_DEPLOYMENT_TARGET = 17.5;
				LD_RUNPATH_SEARCH_PATHS = (
					"$(inherited)",
					"@executable_path/Frameworks",
					"@executable_path/../../Frameworks",
				);
				MARKETING_VERSION = 0.4;
				PRODUCT_BUNDLE_IDENTIFIER = com.dt.paladala.PaladalaWidget;
				PRODUCT_NAME = PaladalaWidget;
				SKIP_INSTALL = YES;
				SUPPORTED_PLATFORMS = "iphoneos iphonesimulator";
				SUPPORTS_MACCATALYST = NO;
				SUPPORTS_MAC_DESIGNED_FOR_IPHONE_IPAD = NO;
				SWIFT_EMIT_LOC_STRINGS = YES;
				SWIFT_VERSION = 6.0;
				TARGETED_DEVICE_FAMILY = "1,2";
			};
			name = Release;
		};
/* End XCBuildConfiguration section */

/* Begin XCConfigurationList section */
		100000000000000000000901 /* Build configuration list for PBXNativeTarget "Paladala" */ = {
			isa = XCConfigurationList;
			buildConfigurations = (
				100000000000000000000B01 /* Debug */,
				100000000000000000000B02 /* Release */,
			);
			defaultConfigurationIsVisible = 0;
			defaultConfigurationName = Release;
		};
		100000000000000000000902 /* Build configuration list for PBXProject "Paladala" */ = {
			isa = XCConfigurationList;
			buildConfigurations = (
				100000000000000000000A01 /* Debug */,
				100000000000000000000A02 /* Release */,
			);
			defaultConfigurationIsVisible = 0;
			defaultConfigurationName = Release;
		};
		100000000000000000000482 /* Build configuration list for PBXNativeTarget "PaladalaWidget" */ = {
			isa = XCConfigurationList;
			buildConfigurations = (
				100000000000000000000B05 /* Debug */,
				100000000000000000000B06 /* Release */,
			);
			defaultConfigurationIsVisible = 0;
			defaultConfigurationName = Release;
		};
/* End XCConfigurationList section */

/* Begin XCRemoteSwiftPackageReference section */
		600000000000000000000601 /* XCRemoteSwiftPackageReference "firebase-ios-sdk" */ = {
			isa = XCRemoteSwiftPackageReference;
			repositoryURL = "https://github.com/firebase/firebase-ios-sdk";
			requirement = {
				kind = upToNextMajorVersion;
				minimumVersion = 11.0.0;
			};
		};
/* End XCRemoteSwiftPackageReference section */

	};
	rootObject = 100000000000000000000601 /* Project object */;
}
